
Microsoft Visual Studio Solution File, Format Version 12.00
Project("{FAE04EC0-301F-11D3-BF4B-00C04F79EFBC}") = "BookLib", "BookLib\BookLib.csproj", "{CCC596D5-E0B4-4CCD-88A2-C2DF6403768B}"
EndProject
Global
	GlobalSection(SolutionConfigurationPlatforms) = preSolution
		Debug|Any CPU = Debug|Any CPU
		Release|Any CPU = Release|Any CPU
	EndGlobalSection
	GlobalSection(ProjectConfigurationPlatforms) = postSolution
		{CCC596D5-E0B4-4CCD-88A2-C2DF6403768B}.Debug|Any CPU.ActiveCfg = Debug|Any CPU
		{CCC596D5-E0B4-4CCD-88A2-C2DF6403768B}.Debug|Any CPU.Build.0 = Debug|Any CPU
		{CCC596D5-E0B4-4CCD-88A2-C2DF6403768B}.Release|Any CPU.ActiveCfg = Release|Any CPU
		{CCC596D5-E0B4-4CCD-88A2-C2DF6403768B}.Release|Any CPU.Build.0 = Release|Any CPU
	EndGlobalSection
EndGlobal
