
Microsoft Visual Studio Solution File, Format Version 12.00
# Visual Studio Version 16
VisualStudioVersion = 25.0.1705.0
MinimumVisualStudioVersion = 10.0.40219.1
Project("{FAE04EC0-301F-11D3-BF4B-00C04F79EFBC}") = "BookLib", "BookLib.csproj", "{AC20B2A9-ABD3-4363-B808-4EE30C179BC1}"
EndProject
Global
	GlobalSection(SolutionConfigurationPlatforms) = preSolution
		Debug|Any CPU = Debug|Any CPU
		Release|Any CPU = Release|Any CPU
	EndGlobalSection
	GlobalSection(ProjectConfigurationPlatforms) = postSolution
		{AC20B2A9-ABD3-4363-B808-4EE30C179BC1}.Debug|Any CPU.ActiveCfg = Debug|Any CPU
		{AC20B2A9-ABD3-4363-B808-4EE30C179BC1}.Debug|Any CPU.Build.0 = Debug|Any CPU
		{AC20B2A9-ABD3-4363-B808-4EE30C179BC1}.Release|Any CPU.ActiveCfg = Release|Any CPU
		{AC20B2A9-ABD3-4363-B808-4EE30C179BC1}.Release|Any CPU.Build.0 = Release|Any CPU
	EndGlobalSection
	GlobalSection(SolutionProperties) = preSolution
		HideSolutionNode = FALSE
	EndGlobalSection
	GlobalSection(ExtensibilityGlobals) = postSolution
		SolutionGuid = {E3FD17E5-7374-43A2-8599-FD693B247B60}
	EndGlobalSection
EndGlobal
